
Microsoft Visual Studio Solution File, Format Version 12.00
# Visual Studio Version 17
VisualStudioVersion = 17.8.34525.116
MinimumVisualStudioVersion = 10.0.40219.1
Project("{FAE04EC0-301F-11D3-BF4B-00C04F79EFBC}") = "WorkoutTracker.Server.Data", "WorkoutTracker.Server.Data\WorkoutTracker.Server.Data.csproj", "{4AF688DF-EE51-4AA0-91AB-25C3C1DEE1C8}"
EndProject
Project("{FAE04EC0-301F-11D3-BF4B-00C04F79EFBC}") = "WorkoutTracker.Server.Core", "WorkoutTracker.Server.Core\WorkoutTracker.Server.Core.csproj", "{D66F1626-857F-42C1-B1B0-542E694914FF}"
EndProject
Project("{FAE04EC0-301F-11D3-BF4B-00C04F79EFBC}") = "WorkoutTracker.Server.WebAPI", "WorkoutTracker.Server.WebAPI\WorkoutTracker.Server.WebAPI.csproj", "{9321DBD7-7D0B-462A-A5D8-73C6E8637192}"
EndProject
Global
	GlobalSection(SolutionConfigurationPlatforms) = preSolution
		Debug|Any CPU = Debug|Any CPU
		Release|Any CPU = Release|Any CPU
	EndGlobalSection
	GlobalSection(ProjectConfigurationPlatforms) = postSolution
		{4AF688DF-EE51-4AA0-91AB-25C3C1DEE1C8}.Debug|Any CPU.ActiveCfg = Debug|Any CPU
		{4AF688DF-EE51-4AA0-91AB-25C3C1DEE1C8}.Debug|Any CPU.Build.0 = Debug|Any CPU
		{4AF688DF-EE51-4AA0-91AB-25C3C1DEE1C8}.Release|Any CPU.ActiveCfg = Release|Any CPU
		{4AF688DF-EE51-4AA0-91AB-25C3C1DEE1C8}.Release|Any CPU.Build.0 = Release|Any CPU
		{D66F1626-857F-42C1-B1B0-542E694914FF}.Debug|Any CPU.ActiveCfg = Debug|Any CPU
		{D66F1626-857F-42C1-B1B0-542E694914FF}.Debug|Any CPU.Build.0 = Debug|Any CPU
		{D66F1626-857F-42C1-B1B0-542E694914FF}.Release|Any CPU.ActiveCfg = Release|Any CPU
		{D66F1626-857F-42C1-B1B0-542E694914FF}.Release|Any CPU.Build.0 = Release|Any CPU
		{9321DBD7-7D0B-462A-A5D8-73C6E8637192}.Debug|Any CPU.ActiveCfg = Debug|Any CPU
		{9321DBD7-7D0B-462A-A5D8-73C6E8637192}.Debug|Any CPU.Build.0 = Debug|Any CPU
		{9321DBD7-7D0B-462A-A5D8-73C6E8637192}.Release|Any CPU.ActiveCfg = Release|Any CPU
		{9321DBD7-7D0B-462A-A5D8-73C6E8637192}.Release|Any CPU.Build.0 = Release|Any CPU
	EndGlobalSection
	GlobalSection(SolutionProperties) = preSolution
		HideSolutionNode = FALSE
	EndGlobalSection
	GlobalSection(ExtensibilityGlobals) = postSolution
		SolutionGuid = {7975A048-AE9F-41BE-85A1-E54E97C9F9FA}
	EndGlobalSection
EndGlobal
